{
  "name": "as-serde",
  "version": "1.0.0",
  "lockfileVersion": 1,
  "requires": true,
  "dependencies": {
    "@types/node": {
      "version": "14.14.34",
      "resolved": "https://registry.npmjs.org/@types/node/-/node-14.14.34.tgz",
      "integrity": "sha512-dBPaxocOK6UVyvhbnpFIj2W+S+1cBTkHQbFQfeeJhoKFbzYcVUGHvddeWPSucKATb3F0+pgDq0i6ghEaZjsugA==",
      "dev": true
    },
    "assemblyscript": {
      "version": "0.18.15",
      "resolved": "https://registry.npmjs.org/assemblyscript/-/assemblyscript-0.18.15.tgz",
      "integrity": "sha512-s1N1qwdBhen2SLQApYCtRIPWm1Am3oAbW58GCEKbeN6ZbQRh7nq0pv4RDqKw6CgK7dySn/F2S1D6p0scyRbQRw==",
      "dev": true,
      "requires": {
        "binaryen": "100.0.0",
        "long": "^4.0.0"
      }
    },
    "binaryen": {
      "version": "100.0.0",
      "resolved": "https://registry.npmjs.org/binaryen/-/binaryen-100.0.0.tgz",
      "integrity": "sha512-nxOt8d8/VXAuSVEtAWUdKrqpqCy365QqD223EzzB1GzS5himiZAfM/R5lXx+M/5q8TB8cYp3tYxv5rTjNTJveQ==",
      "dev": true
    },
    "long": {
      "version": "4.0.0",
      "resolved": "https://registry.npmjs.org/long/-/long-4.0.0.tgz",
      "integrity": "sha512-XsP+KhQif4bjX1kbuSiySJFNAehNxgLb6hPRGJ9QsUr8ajHkuXGdrHmFUTUUXhDwVX2R5bY4JNZEwbUiMhV+MA==",
      "dev": true
    },
    "typescript": {
      "version": "4.2.3",
      "resolved": "https://registry.npmjs.org/typescript/-/typescript-4.2.3.tgz",
      "integrity": "sha512-qOcYwxaByStAWrBf4x0fibwZvMRG+r4cQoTjbPtUlrWjBHbmCAww1i448U0GJ+3cNNEtebDteo/cHOR3xJ4wEw==",
      "dev": true
    }
  }
}
